
Microsoft Visual Studio Solution File, Format Version 12.00
# Visual Studio Version 17
VisualStudioVersion = 17.0.32014.148
MinimumVisualStudioVersion = 10.0.40219.1
Project("{FAE04EC0-301F-11D3-BF4B-00C04F79EFBC}") = "Condition2", "Condition2\Condition2.csproj", "{BDDA0C2B-4910-4704-BAF4-D340F1AE1F2B}"
EndProject
Global
	GlobalSection(SolutionConfigurationPlatforms) = preSolution
		Debug|Any CPU = Debug|Any CPU
		Release|Any CPU = Release|Any CPU
	EndGlobalSection
	GlobalSection(ProjectConfigurationPlatforms) = postSolution
		{BDDA0C2B-4910-4704-BAF4-D340F1AE1F2B}.Debug|Any CPU.ActiveCfg = Debug|Any CPU
		{BDDA0C2B-4910-4704-BAF4-D340F1AE1F2B}.Debug|Any CPU.Build.0 = Debug|Any CPU
		{BDDA0C2B-4910-4704-BAF4-D340F1AE1F2B}.Release|Any CPU.ActiveCfg = Release|Any CPU
		{BDDA0C2B-4910-4704-BAF4-D340F1AE1F2B}.Release|Any CPU.Build.0 = Release|Any CPU
	EndGlobalSection
	GlobalSection(SolutionProperties) = preSolution
		HideSolutionNode = FALSE
	EndGlobalSection
	GlobalSection(ExtensibilityGlobals) = postSolution
		SolutionGuid = {AB84FEFE-0922-4367-8047-CB3B2874CE95}
	EndGlobalSection
EndGlobal
