
Microsoft Visual Studio Solution File, Format Version 12.00
# Visual Studio Version 17
VisualStudioVersion = 17.0.32014.148
MinimumVisualStudioVersion = 10.0.40219.1
Project("{FAE04EC0-301F-11D3-BF4B-00C04F79EFBC}") = "calculations", "calculations\calculations.csproj", "{B1B6D7CC-4E47-4F2D-9FE5-3FE3A251FE9B}"
EndProject
Global
	GlobalSection(SolutionConfigurationPlatforms) = preSolution
		Debug|Any CPU = Debug|Any CPU
		Release|Any CPU = Release|Any CPU
	EndGlobalSection
	GlobalSection(ProjectConfigurationPlatforms) = postSolution
		{B1B6D7CC-4E47-4F2D-9FE5-3FE3A251FE9B}.Debug|Any CPU.ActiveCfg = Debug|Any CPU
		{B1B6D7CC-4E47-4F2D-9FE5-3FE3A251FE9B}.Debug|Any CPU.Build.0 = Debug|Any CPU
		{B1B6D7CC-4E47-4F2D-9FE5-3FE3A251FE9B}.Release|Any CPU.ActiveCfg = Release|Any CPU
		{B1B6D7CC-4E47-4F2D-9FE5-3FE3A251FE9B}.Release|Any CPU.Build.0 = Release|Any CPU
	EndGlobalSection
	GlobalSection(SolutionProperties) = preSolution
		HideSolutionNode = FALSE
	EndGlobalSection
	GlobalSection(ExtensibilityGlobals) = postSolution
		SolutionGuid = {190B19B5-8D52-4DFA-9451-9784839E044C}
	EndGlobalSection
EndGlobal
