
Microsoft Visual Studio Solution File, Format Version 12.00
# Visual Studio Version 17
VisualStudioVersion = 17.0.32014.148
MinimumVisualStudioVersion = 10.0.40219.1
Project("{FAE04EC0-301F-11D3-BF4B-00C04F79EFBC}") = "Condition1", "Condition1\Condition1.csproj", "{D68463CF-58C9-498A-858B-395B4E446BF7}"
EndProject
Global
	GlobalSection(SolutionConfigurationPlatforms) = preSolution
		Debug|Any CPU = Debug|Any CPU
		Release|Any CPU = Release|Any CPU
	EndGlobalSection
	GlobalSection(ProjectConfigurationPlatforms) = postSolution
		{D68463CF-58C9-498A-858B-395B4E446BF7}.Debug|Any CPU.ActiveCfg = Debug|Any CPU
		{D68463CF-58C9-498A-858B-395B4E446BF7}.Debug|Any CPU.Build.0 = Debug|Any CPU
		{D68463CF-58C9-498A-858B-395B4E446BF7}.Release|Any CPU.ActiveCfg = Release|Any CPU
		{D68463CF-58C9-498A-858B-395B4E446BF7}.Release|Any CPU.Build.0 = Release|Any CPU
	EndGlobalSection
	GlobalSection(SolutionProperties) = preSolution
		HideSolutionNode = FALSE
	EndGlobalSection
	GlobalSection(ExtensibilityGlobals) = postSolution
		SolutionGuid = {C0195FE5-1605-4C52-8BD8-C4F6C98776EA}
	EndGlobalSection
EndGlobal
